
Microsoft Visual Studio Solution File, Format Version 12.00
# Visual Studio Version 17
VisualStudioVersion = 17.6.33815.320
MinimumVisualStudioVersion = 10.0.40219.1
Project("{FAE04EC0-301F-11D3-BF4B-00C04F79EFBC}") = "Reactor", "Reactor\Reactor.csproj", "{821C5B4F-E1C6-429E-B56C-D0F995C5DA1E}"
EndProject
Global
	GlobalSection(SolutionConfigurationPlatforms) = preSolution
		Debug|Any CPU = Debug|Any CPU
		Release|Any CPU = Release|Any CPU
	EndGlobalSection
	GlobalSection(ProjectConfigurationPlatforms) = postSolution
		{821C5B4F-E1C6-429E-B56C-D0F995C5DA1E}.Debug|Any CPU.ActiveCfg = Debug|Any CPU
		{821C5B4F-E1C6-429E-B56C-D0F995C5DA1E}.Debug|Any CPU.Build.0 = Debug|Any CPU
		{821C5B4F-E1C6-429E-B56C-D0F995C5DA1E}.Release|Any CPU.ActiveCfg = Release|Any CPU
		{821C5B4F-E1C6-429E-B56C-D0F995C5DA1E}.Release|Any CPU.Build.0 = Release|Any CPU
	EndGlobalSection
	GlobalSection(SolutionProperties) = preSolution
		HideSolutionNode = FALSE
	EndGlobalSection
	GlobalSection(ExtensibilityGlobals) = postSolution
		SolutionGuid = {19F87CDA-48B6-4D1C-8442-6253A16DA339}
	EndGlobalSection
EndGlobal
